
Microsoft Visual Studio Solution File, Format Version 12.00
# Visual Studio Version 17
VisualStudioVersion = 17.12.35527.113 d17.12
MinimumVisualStudioVersion = 10.0.40219.1
Project("{FAE04EC0-301F-11D3-BF4B-00C04F79EFBC}") = "UP", "UP\UP.csproj", "{F889EEE8-DE35-4BBC-B0AA-8365D0E7597B}"
EndProject
Global
	GlobalSection(SolutionConfigurationPlatforms) = preSolution
		Debug|Any CPU = Debug|Any CPU
		Release|Any CPU = Release|Any CPU
	EndGlobalSection
	GlobalSection(ProjectConfigurationPlatforms) = postSolution
		{F889EEE8-DE35-4BBC-B0AA-8365D0E7597B}.Debug|Any CPU.ActiveCfg = Debug|Any CPU
		{F889EEE8-DE35-4BBC-B0AA-8365D0E7597B}.Debug|Any CPU.Build.0 = Debug|Any CPU
		{F889EEE8-DE35-4BBC-B0AA-8365D0E7597B}.Release|Any CPU.ActiveCfg = Release|Any CPU
		{F889EEE8-DE35-4BBC-B0AA-8365D0E7597B}.Release|Any CPU.Build.0 = Release|Any CPU
	EndGlobalSection
	GlobalSection(SolutionProperties) = preSolution
		HideSolutionNode = FALSE
	EndGlobalSection
EndGlobal
